
Microsoft Visual Studio Solution File, Format Version 12.00
# Visual Studio 14
VisualStudioVersion = 14.0.25123.0
MinimumVisualStudioVersion = 10.0.40219.1
Project("{E24C65DC-7377-472B-9ABA-BC803B73C61A}") = "RaiGirie_Online_2015", "E:\F\Projects\ASP_NET_Jadid\ASP.NET\VS_2010\RaiGirie_Online\RaiGirie_Online_2015\", "{B96EFCB1-FEF5-4C98-8283-316B9571FAAE}"
	ProjectSection(WebsiteProperties) = preProject
		TargetFrameworkMoniker = ".NETFramework,Version%3Dv4.0"
		Debug.AspNetCompiler.VirtualPath = "/localhost_35412"
		Debug.AspNetCompiler.PhysicalPath = "E:\F\Projects\ASP_NET_Jadid\ASP.NET\VS_2010\RaiGirie_Online\RaiGirie_Online_2015\"
		Debug.AspNetCompiler.TargetPath = "PrecompiledWeb\localhost_35412\"
		Debug.AspNetCompiler.Updateable = "true"
		Debug.AspNetCompiler.ForceOverwrite = "true"
		Debug.AspNetCompiler.FixedNames = "false"
		Debug.AspNetCompiler.Debug = "True"
		Release.AspNetCompiler.VirtualPath = "/localhost_35412"
		Release.AspNetCompiler.PhysicalPath = "E:\F\Projects\ASP_NET_Jadid\ASP.NET\VS_2010\RaiGirie_Online\RaiGirie_Online_2015\"
		Release.AspNetCompiler.TargetPath = "PrecompiledWeb\localhost_35412\"
		Release.AspNetCompiler.Updateable = "true"
		Release.AspNetCompiler.ForceOverwrite = "true"
		Release.AspNetCompiler.FixedNames = "false"
		Release.AspNetCompiler.Debug = "False"
		VWDPort = "35412"
		SlnRelativePath = "E:\F\Projects\ASP_NET_Jadid\ASP.NET\VS_2010\RaiGirie_Online\RaiGirie_Online_2015\"
	EndProjectSection
EndProject
Global
	GlobalSection(SolutionConfigurationPlatforms) = preSolution
		Debug|Any CPU = Debug|Any CPU
	EndGlobalSection
	GlobalSection(ProjectConfigurationPlatforms) = postSolution
		{B96EFCB1-FEF5-4C98-8283-316B9571FAAE}.Debug|Any CPU.ActiveCfg = Debug|Any CPU
		{B96EFCB1-FEF5-4C98-8283-316B9571FAAE}.Debug|Any CPU.Build.0 = Debug|Any CPU
	EndGlobalSection
	GlobalSection(SolutionProperties) = preSolution
		HideSolutionNode = FALSE
	EndGlobalSection
EndGlobal
